// !$*UTF8*$!
{
	archiveVersion = 1;
	classes = {
	};
	objectVersion = 77;
	objects = {

/* Begin PBXBuildFile section */
		52F684222CBBD945006E0D48 /* ScrollViewLoader in Frameworks */ = {isa = PBXBuildFile; productRef = 52F684212CBBD945006E0D48 /* ScrollViewLoader */; };
		52F684252CBBF6A8006E0D48 /* Refresh in Frameworks */ = {isa = PBXBuildFile; productRef = 52F684242CBBF6A8006E0D48 /* Refresh */; };
/* End PBXBuildFile section */

/* Begin PBXContainerItemProxy section */
		52C203F32CB2C7B600B9E802 /* PBXContainerItemProxy */ = {
			isa = PBXContainerItemProxy;
			containerPortal = 52C203DA2CB2C7B300B9E802 /* Project object */;
			proxyType = 1;
			remoteGlobalIDString = 52C203E12CB2C7B300B9E802;
			remoteInfo = "rick-and-morty";
		};
		52C203FD2CB2C7B600B9E802 /* PBXContainerItemProxy */ = {
			isa = PBXContainerItemProxy;
			containerPortal = 52C203DA2CB2C7B300B9E802 /* Project object */;
			proxyType = 1;
			remoteGlobalIDString = 52C203E12CB2C7B300B9E802;
			remoteInfo = "rick-and-morty";
		};
/* End PBXContainerItemProxy section */

/* Begin PBXFileReference section */
		52C203E22CB2C7B300B9E802 /* rick-and-morty.app */ = {isa = PBXFileReference; explicitFileType = wrapper.application; includeInIndex = 0; path = "rick-and-morty.app"; sourceTree = BUILT_PRODUCTS_DIR; };
		52C203F22CB2C7B600B9E802 /* rick-and-mortyTests.xctest */ = {isa = PBXFileReference; explicitFileType = wrapper.cfbundle; includeInIndex = 0; path = "rick-and-mortyTests.xctest"; sourceTree = BUILT_PRODUCTS_DIR; };
		52C203FC2CB2C7B600B9E802 /* rick-and-mortyUITests.xctest */ = {isa = PBXFileReference; explicitFileType = wrapper.cfbundle; includeInIndex = 0; path = "rick-and-mortyUITests.xctest"; sourceTree = BUILT_PRODUCTS_DIR; };
/* End PBXFileReference section */

/* Begin PBXFileSystemSynchronizedRootGroup section */
		52C203E42CB2C7B300B9E802 /* rick-and-morty */ = {
			isa = PBXFileSystemSynchronizedRootGroup;
			path = "rick-and-morty";
			sourceTree = "<group>";
		};
		52C203F52CB2C7B600B9E802 /* rick-and-mortyTests */ = {
			isa = PBXFileSystemSynchronizedRootGroup;
			path = "rick-and-mortyTests";
			sourceTree = "<group>";
		};
		52C203FF2CB2C7B600B9E802 /* rick-and-mortyUITests */ = {
			isa = PBXFileSystemSynchronizedRootGroup;
			path = "rick-and-mortyUITests";
			sourceTree = "<group>";
		};
/* End PBXFileSystemSynchronizedRootGroup section */

/* Begin PBXFrameworksBuildPhase section */
		52C203DF2CB2C7B300B9E802 /* Frameworks */ = {
			isa = PBXFrameworksBuildPhase;
			buildActionMask = 2147483647;
			files = (
				52F684252CBBF6A8006E0D48 /* Refresh in Frameworks */,
				52F684222CBBD945006E0D48 /* ScrollViewLoader in Frameworks */,
			);
			runOnlyForDeploymentPostprocessing = 0;
		};
		52C203EF2CB2C7B600B9E802 /* Frameworks */ = {
			isa = PBXFrameworksBuildPhase;
			buildActionMask = 2147483647;
			files = (
			);
			runOnlyForDeploymentPostprocessing = 0;
		};
		52C203F92CB2C7B600B9E802 /* Frameworks */ = {
			isa = PBXFrameworksBuildPhase;
			buildActionMask = 2147483647;
			files = (
			);
			runOnlyForDeploymentPostprocessing = 0;
		};
/* End PBXFrameworksBuildPhase section */

/* Begin PBXGroup section */
		52C203D92CB2C7B300B9E802 = {
			isa = PBXGroup;
			children = (
				52C203E42CB2C7B300B9E802 /* rick-and-morty */,
				52C203F52CB2C7B600B9E802 /* rick-and-mortyTests */,
				52C203FF2CB2C7B600B9E802 /* rick-and-mortyUITests */,
				52C203E32CB2C7B300B9E802 /* Products */,
			);
			sourceTree = "<group>";
		};
		52C203E32CB2C7B300B9E802 /* Products */ = {
			isa = PBXGroup;
			children = (
				52C203E22CB2C7B300B9E802 /* rick-and-morty.app */,
				52C203F22CB2C7B600B9E802 /* rick-and-mortyTests.xctest */,
				52C203FC2CB2C7B600B9E802 /* rick-and-mortyUITests.xctest */,
			);
			name = Products;
			sourceTree = "<group>";
		};
/* End PBXGroup section */

/* Begin PBXNativeTarget section */
		52C203E12CB2C7B300B9E802 /* rick-and-morty */ = {
			isa = PBXNativeTarget;
			buildConfigurationList = 52C204062CB2C7B600B9E802 /* Build configuration list for PBXNativeTarget "rick-and-morty" */;
			buildPhases = (
				52C203DE2CB2C7B300B9E802 /* Sources */,
				52C203DF2CB2C7B300B9E802 /* Frameworks */,
				52C203E02CB2C7B300B9E802 /* Resources */,
			);
			buildRules = (
			);
			dependencies = (
			);
			fileSystemSynchronizedGroups = (
				52C203E42CB2C7B300B9E802 /* rick-and-morty */,
			);
			name = "rick-and-morty";
			packageProductDependencies = (
				52F684212CBBD945006E0D48 /* ScrollViewLoader */,
				52F684242CBBF6A8006E0D48 /* Refresh */,
			);
			productName = "rick-and-morty";
			productReference = 52C203E22CB2C7B300B9E802 /* rick-and-morty.app */;
			productType = "com.apple.product-type.application";
		};
		52C203F12CB2C7B600B9E802 /* rick-and-mortyTests */ = {
			isa = PBXNativeTarget;
			buildConfigurationList = 52C204092CB2C7B600B9E802 /* Build configuration list for PBXNativeTarget "rick-and-mortyTests" */;
			buildPhases = (
				52C203EE2CB2C7B600B9E802 /* Sources */,
				52C203EF2CB2C7B600B9E802 /* Frameworks */,
				52C203F02CB2C7B600B9E802 /* Resources */,
			);
			buildRules = (
			);
			dependencies = (
				52C203F42CB2C7B600B9E802 /* PBXTargetDependency */,
			);
			fileSystemSynchronizedGroups = (
				52C203F52CB2C7B600B9E802 /* rick-and-mortyTests */,
			);
			name = "rick-and-mortyTests";
			packageProductDependencies = (
			);
			productName = "rick-and-mortyTests";
			productReference = 52C203F22CB2C7B600B9E802 /* rick-and-mortyTests.xctest */;
			productType = "com.apple.product-type.bundle.unit-test";
		};
		52C203FB2CB2C7B600B9E802 /* rick-and-mortyUITests */ = {
			isa = PBXNativeTarget;
			buildConfigurationList = 52C2040C2CB2C7B600B9E802 /* Build configuration list for PBXNativeTarget "rick-and-mortyUITests" */;
			buildPhases = (
				52C203F82CB2C7B600B9E802 /* Sources */,
				52C203F92CB2C7B600B9E802 /* Frameworks */,
				52C203FA2CB2C7B600B9E802 /* Resources */,
			);
			buildRules = (
			);
			dependencies = (
				52C203FE2CB2C7B600B9E802 /* PBXTargetDependency */,
			);
			fileSystemSynchronizedGroups = (
				52C203FF2CB2C7B600B9E802 /* rick-and-mortyUITests */,
			);
			name = "rick-and-mortyUITests";
			packageProductDependencies = (
			);
			productName = "rick-and-mortyUITests";
			productReference = 52C203FC2CB2C7B600B9E802 /* rick-and-mortyUITests.xctest */;
			productType = "com.apple.product-type.bundle.ui-testing";
		};
/* End PBXNativeTarget section */

/* Begin PBXProject section */
		52C203DA2CB2C7B300B9E802 /* Project object */ = {
			isa = PBXProject;
			attributes = {
				BuildIndependentTargetsInParallel = 1;
				LastSwiftUpdateCheck = 1600;
				LastUpgradeCheck = 1600;
				TargetAttributes = {
					52C203E12CB2C7B300B9E802 = {
						CreatedOnToolsVersion = 16.0;
					};
					52C203F12CB2C7B600B9E802 = {
						CreatedOnToolsVersion = 16.0;
						TestTargetID = 52C203E12CB2C7B300B9E802;
					};
					52C203FB2CB2C7B600B9E802 = {
						CreatedOnToolsVersion = 16.0;
						TestTargetID = 52C203E12CB2C7B300B9E802;
					};
				};
			};
			buildConfigurationList = 52C203DD2CB2C7B300B9E802 /* Build configuration list for PBXProject "rick-and-morty" */;
			developmentRegion = en;
			hasScannedForEncodings = 0;
			knownRegions = (
				en,
				Base,
				tr,
			);
			mainGroup = 52C203D92CB2C7B300B9E802;
			minimizedProjectReferenceProxies = 1;
			packageReferences = (
				52F684202CBBD838006E0D48 /* XCRemoteSwiftPackageReference "ScrollViewLoader" */,
				52F684232CBBF6A8006E0D48 /* XCRemoteSwiftPackageReference "Refresh" */,
			);
			preferredProjectObjectVersion = 77;
			productRefGroup = 52C203E32CB2C7B300B9E802 /* Products */;
			projectDirPath = "";
			projectRoot = "";
			targets = (
				52C203E12CB2C7B300B9E802 /* rick-and-morty */,
				52C203F12CB2C7B600B9E802 /* rick-and-mortyTests */,
				52C203FB2CB2C7B600B9E802 /* rick-and-mortyUITests */,
			);
		};
/* End PBXProject section */

/* Begin PBXResourcesBuildPhase section */
		52C203E02CB2C7B300B9E802 /* Resources */ = {
			isa = PBXResourcesBuildPhase;
			buildActionMask = 2147483647;
			files = (
			);
			runOnlyForDeploymentPostprocessing = 0;
		};
		52C203F02CB2C7B600B9E802 /* Resources */ = {
			isa = PBXResourcesBuildPhase;
			buildActionMask = 2147483647;
			files = (
			);
			runOnlyForDeploymentPostprocessing = 0;
		};
		52C203FA2CB2C7B600B9E802 /* Resources */ = {
			isa = PBXResourcesBuildPhase;
			buildActionMask = 2147483647;
			files = (
			);
			runOnlyForDeploymentPostprocessing = 0;
		};
/* End PBXResourcesBuildPhase section */

/* Begin PBXSourcesBuildPhase section */
		52C203DE2CB2C7B300B9E802 /* Sources */ = {
			isa = PBXSourcesBuildPhase;
			buildActionMask = 2147483647;
			files = (
			);
			runOnlyForDeploymentPostprocessing = 0;
		};
		52C203EE2CB2C7B600B9E802 /* Sources */ = {
			isa = PBXSourcesBuildPhase;
			buildActionMask = 2147483647;
			files = (
			);
			runOnlyForDeploymentPostprocessing = 0;
		};
		52C203F82CB2C7B600B9E802 /* Sources */ = {
			isa = PBXSourcesBuildPhase;
			buildActionMask = 2147483647;
			files = (
			);
			runOnlyForDeploymentPostprocessing = 0;
		};
/* End PBXSourcesBuildPhase section */

/* Begin PBXTargetDependency section */
		52C203F42CB2C7B600B9E802 /* PBXTargetDependency */ = {
			isa = PBXTargetDependency;
			target = 52C203E12CB2C7B300B9E802 /* rick-and-morty */;
			targetProxy = 52C203F32CB2C7B600B9E802 /* PBXContainerItemProxy */;
		};
		52C203FE2CB2C7B600B9E802 /* PBXTargetDependency */ = {
			isa = PBXTargetDependency;
			target = 52C203E12CB2C7B300B9E802 /* rick-and-morty */;
			targetProxy = 52C203FD2CB2C7B600B9E802 /* PBXContainerItemProxy */;
		};
/* End PBXTargetDependency section */

/* Begin XCBuildConfiguration section */
		52C204042CB2C7B600B9E802 /* Debug */ = {
			isa = XCBuildConfiguration;
			buildSettings = {
				ALWAYS_SEARCH_USER_PATHS = NO;
				ASSETCATALOG_COMPILER_GENERATE_SWIFT_ASSET_SYMBOL_EXTENSIONS = YES;
				CLANG_ANALYZER_NONNULL = YES;
				CLANG_ANALYZER_NUMBER_OBJECT_CONVERSION = YES_AGGRESSIVE;
				CLANG_CXX_LANGUAGE_STANDARD = "gnu++20";
				CLANG_ENABLE_MODULES = YES;
				CLANG_ENABLE_OBJC_ARC = YES;
				CLANG_ENABLE_OBJC_WEAK = YES;
				CLANG_WARN_BLOCK_CAPTURE_AUTORELEASING = YES;
				CLANG_WARN_BOOL_CONVERSION = YES;
				CLANG_WARN_COMMA = YES;
				CLANG_WARN_CONSTANT_CONVERSION = YES;
				CLANG_WARN_DEPRECATED_OBJC_IMPLEMENTATIONS = YES;
				CLANG_WARN_DIRECT_OBJC_ISA_USAGE = YES_ERROR;
				CLANG_WARN_DOCUMENTATION_COMMENTS = YES;
				CLANG_WARN_EMPTY_BODY = YES;
				CLANG_WARN_ENUM_CONVERSION = YES;
				CLANG_WARN_INFINITE_RECURSION = YES;
				CLANG_WARN_INT_CONVERSION = YES;
				CLANG_WARN_NON_LITERAL_NULL_CONVERSION = YES;
				CLANG_WARN_OBJC_IMPLICIT_RETAIN_SELF = YES;
				CLANG_WARN_OBJC_LITERAL_CONVERSION = YES;
				CLANG_WARN_OBJC_ROOT_CLASS = YES_ERROR;
				CLANG_WARN_QUOTED_INCLUDE_IN_FRAMEWORK_HEADER = YES;
				CLANG_WARN_RANGE_LOOP_ANALYSIS = YES;
				CLANG_WARN_STRICT_PROTOTYPES = YES;
				CLANG_WARN_SUSPICIOUS_MOVE = YES;
				CLANG_WARN_UNGUARDED_AVAILABILITY = YES_AGGRESSIVE;
				CLANG_WARN_UNREACHABLE_CODE = YES;
				CLANG_WARN__DUPLICATE_METHOD_MATCH = YES;
				COPY_PHASE_STRIP = NO;
				DEBUG_INFORMATION_FORMAT = dwarf;
				ENABLE_STRICT_OBJC_MSGSEND = YES;
				ENABLE_TESTABILITY = YES;
				ENABLE_USER_SCRIPT_SANDBOXING = YES;
				GCC_C_LANGUAGE_STANDARD = gnu17;
				GCC_DYNAMIC_NO_PIC = NO;
				GCC_NO_COMMON_BLOCKS = YES;
				GCC_OPTIMIZATION_LEVEL = 0;
				GCC_PREPROCESSOR_DEFINITIONS = (
					"DEBUG=1",
					"$(inherited)",
				);
				GCC_WARN_64_TO_32_BIT_CONVERSION = YES;
				GCC_WARN_ABOUT_RETURN_TYPE = YES_ERROR;
				GCC_WARN_UNDECLARED_SELECTOR = YES;
				GCC_WARN_UNINITIALIZED_AUTOS = YES_AGGRESSIVE;
				GCC_WARN_UNUSED_FUNCTION = YES;
				GCC_WARN_UNUSED_VARIABLE = YES;
				IPHONEOS_DEPLOYMENT_TARGET = 18.0;
				LOCALIZATION_PREFERS_STRING_CATALOGS = YES;
				MTL_ENABLE_DEBUG_INFO = INCLUDE_SOURCE;
				MTL_FAST_MATH = YES;
				ONLY_ACTIVE_ARCH = YES;
				SDKROOT = iphoneos;
				SWIFT_ACTIVE_COMPILATION_CONDITIONS = "DEBUG $(inherited)";
				SWIFT_EMIT_LOC_STRINGS = YES;
				SWIFT_OPTIMIZATION_LEVEL = "-Onone";
			};
			name = Debug;
		};
		52C204052CB2C7B600B9E802 /* Release */ = {
			isa = XCBuildConfiguration;
			buildSettings = {
				ALWAYS_SEARCH_USER_PATHS = NO;
				ASSETCATALOG_COMPILER_GENERATE_SWIFT_ASSET_SYMBOL_EXTENSIONS = YES;
				CLANG_ANALYZER_NONNULL = YES;
				CLANG_ANALYZER_NUMBER_OBJECT_CONVERSION = YES_AGGRESSIVE;
				CLANG_CXX_LANGUAGE_STANDARD = "gnu++20";
				CLANG_ENABLE_MODULES = YES;
				CLANG_ENABLE_OBJC_ARC = YES;
				CLANG_ENABLE_OBJC_WEAK = YES;
				CLANG_WARN_BLOCK_CAPTURE_AUTORELEASING = YES;
				CLANG_WARN_BOOL_CONVERSION = YES;
				CLANG_WARN_COMMA = YES;
				CLANG_WARN_CONSTANT_CONVERSION = YES;
				CLANG_WARN_DEPRECATED_OBJC_IMPLEMENTATIONS = YES;
				CLANG_WARN_DIRECT_OBJC_ISA_USAGE = YES_ERROR;
				CLANG_WARN_DOCUMENTATION_COMMENTS = YES;
				CLANG_WARN_EMPTY_BODY = YES;
				CLANG_WARN_ENUM_CONVERSION = YES;
				CLANG_WARN_INFINITE_RECURSION = YES;
				CLANG_WARN_INT_CONVERSION = YES;
				CLANG_WARN_NON_LITERAL_NULL_CONVERSION = YES;
				CLANG_WARN_OBJC_IMPLICIT_RETAIN_SELF = YES;
				CLANG_WARN_OBJC_LITERAL_CONVERSION = YES;
				CLANG_WARN_OBJC_ROOT_CLASS = YES_ERROR;
				CLANG_WARN_QUOTED_INCLUDE_IN_FRAMEWORK_HEADER = YES;
				CLANG_WARN_RANGE_LOOP_ANALYSIS = YES;
				CLANG_WARN_STRICT_PROTOTYPES = YES;
				CLANG_WARN_SUSPICIOUS_MOVE = YES;
				CLANG_WARN_UNGUARDED_AVAILABILITY = YES_AGGRESSIVE;
				CLANG_WARN_UNREACHABLE_CODE = YES;
				CLANG_WARN__DUPLICATE_METHOD_MATCH = YES;
				COPY_PHASE_STRIP = NO;
				DEBUG_INFORMATION_FORMAT = "dwarf-with-dsym";
				ENABLE_NS_ASSERTIONS = NO;
				ENABLE_STRICT_OBJC_MSGSEND = YES;
				ENABLE_USER_SCRIPT_SANDBOXING = YES;
				GCC_C_LANGUAGE_STANDARD = gnu17;
				GCC_NO_COMMON_BLOCKS = YES;
				GCC_WARN_64_TO_32_BIT_CONVERSION = YES;
				GCC_WARN_ABOUT_RETURN_TYPE = YES_ERROR;
				GCC_WARN_UNDECLARED_SELECTOR = YES;
				GCC_WARN_UNINITIALIZED_AUTOS = YES_AGGRESSIVE;
				GCC_WARN_UNUSED_FUNCTION = YES;
				GCC_WARN_UNUSED_VARIABLE = YES;
				IPHONEOS_DEPLOYMENT_TARGET = 18.0;
				LOCALIZATION_PREFERS_STRING_CATALOGS = YES;
				MTL_ENABLE_DEBUG_INFO = NO;
				MTL_FAST_MATH = YES;
				SDKROOT = iphoneos;
				SWIFT_COMPILATION_MODE = wholemodule;
				SWIFT_EMIT_LOC_STRINGS = YES;
				VALIDATE_PRODUCT = YES;
			};
			name = Release;
		};
		52C204072CB2C7B600B9E802 /* Debug */ = {
			isa = XCBuildConfiguration;
			buildSettings = {
				ASSETCATALOG_COMPILER_APPICON_NAME = AppIcon;
				ASSETCATALOG_COMPILER_GLOBAL_ACCENT_COLOR_NAME = AccentColor;
				CODE_SIGN_STYLE = Automatic;
				CURRENT_PROJECT_VERSION = 1;
				DEVELOPMENT_ASSET_PATHS = "\"rick-and-morty/Preview Content\"";
				ENABLE_PREVIEWS = YES;
				GENERATE_INFOPLIST_FILE = YES;
				INFOPLIST_KEY_UIApplicationSceneManifest_Generation = YES;
				INFOPLIST_KEY_UIApplicationSupportsIndirectInputEvents = YES;
				INFOPLIST_KEY_UILaunchScreen_Generation = YES;
				INFOPLIST_KEY_UISupportedInterfaceOrientations = UIInterfaceOrientationPortrait;
				LD_RUNPATH_SEARCH_PATHS = (
					"$(inherited)",
					"@executable_path/Frameworks",
				);
				MARKETING_VERSION = 1.0;
				PRODUCT_BUNDLE_IDENTIFIER = "ram.rick-and-morty";
				PRODUCT_NAME = "$(TARGET_NAME)";
				SWIFT_EMIT_LOC_STRINGS = YES;
				SWIFT_VERSION = 5.0;
				TARGETED_DEVICE_FAMILY = "1,2";
			};
			name = Debug;
		};
		52C204082CB2C7B600B9E802 /* Release */ = {
			isa = XCBuildConfiguration;
			buildSettings = {
				ASSETCATALOG_COMPILER_APPICON_NAME = AppIcon;
				ASSETCATALOG_COMPILER_GLOBAL_ACCENT_COLOR_NAME = AccentColor;
				CODE_SIGN_STYLE = Automatic;
				CURRENT_PROJECT_VERSION = 1;
				DEVELOPMENT_ASSET_PATHS = "\"rick-and-morty/Preview Content\"";
				ENABLE_PREVIEWS = YES;
				GENERATE_INFOPLIST_FILE = YES;
				INFOPLIST_KEY_UIApplicationSceneManifest_Generation = YES;
				INFOPLIST_KEY_UIApplicationSupportsIndirectInputEvents = YES;
				INFOPLIST_KEY_UILaunchScreen_Generation = YES;
				INFOPLIST_KEY_UISupportedInterfaceOrientations = UIInterfaceOrientationPortrait;
				LD_RUNPATH_SEARCH_PATHS = (
					"$(inherited)",
					"@executable_path/Frameworks",
				);
				MARKETING_VERSION = 1.0;
				PRODUCT_BUNDLE_IDENTIFIER = "ram.rick-and-morty";
				PRODUCT_NAME = "$(TARGET_NAME)";
				SWIFT_EMIT_LOC_STRINGS = YES;
				SWIFT_VERSION = 5.0;
				TARGETED_DEVICE_FAMILY = "1,2";
			};
			name = Release;
		};
		52C2040A2CB2C7B600B9E802 /* Debug */ = {
			isa = XCBuildConfiguration;
			buildSettings = {
				BUNDLE_LOADER = "$(TEST_HOST)";
				CODE_SIGN_STYLE = Automatic;
				CURRENT_PROJECT_VERSION = 1;
				GENERATE_INFOPLIST_FILE = YES;
				IPHONEOS_DEPLOYMENT_TARGET = 18.0;
				MARKETING_VERSION = 1.0;
				PRODUCT_BUNDLE_IDENTIFIER = "ram.rick-and-mortyTests";
				PRODUCT_NAME = "$(TARGET_NAME)";
				SWIFT_EMIT_LOC_STRINGS = NO;
				SWIFT_VERSION = 5.0;
				TARGETED_DEVICE_FAMILY = "1,2";
				TEST_HOST = "$(BUILT_PRODUCTS_DIR)/rick-and-morty.app/$(BUNDLE_EXECUTABLE_FOLDER_PATH)/rick-and-morty";
			};
			name = Debug;
		};
		52C2040B2CB2C7B600B9E802 /* Release */ = {
			isa = XCBuildConfiguration;
			buildSettings = {
				BUNDLE_LOADER = "$(TEST_HOST)";
				CODE_SIGN_STYLE = Automatic;
				CURRENT_PROJECT_VERSION = 1;
				GENERATE_INFOPLIST_FILE = YES;
				IPHONEOS_DEPLOYMENT_TARGET = 18.0;
				MARKETING_VERSION = 1.0;
				PRODUCT_BUNDLE_IDENTIFIER = "ram.rick-and-mortyTests";
				PRODUCT_NAME = "$(TARGET_NAME)";
				SWIFT_EMIT_LOC_STRINGS = NO;
				SWIFT_VERSION = 5.0;
				TARGETED_DEVICE_FAMILY = "1,2";
				TEST_HOST = "$(BUILT_PRODUCTS_DIR)/rick-and-morty.app/$(BUNDLE_EXECUTABLE_FOLDER_PATH)/rick-and-morty";
			};
			name = Release;
		};
		52C2040D2CB2C7B600B9E802 /* Debug */ = {
			isa = XCBuildConfiguration;
			buildSettings = {
				CODE_SIGN_STYLE = Automatic;
				CURRENT_PROJECT_VERSION = 1;
				GENERATE_INFOPLIST_FILE = YES;
				MARKETING_VERSION = 1.0;
				PRODUCT_BUNDLE_IDENTIFIER = "ram.rick-and-mortyUITests";
				PRODUCT_NAME = "$(TARGET_NAME)";
				SWIFT_EMIT_LOC_STRINGS = NO;
				SWIFT_VERSION = 5.0;
				TARGETED_DEVICE_FAMILY = "1,2";
				TEST_TARGET_NAME = "rick-and-morty";
			};
			name = Debug;
		};
		52C2040E2CB2C7B600B9E802 /* Release */ = {
			isa = XCBuildConfiguration;
			buildSettings = {
				CODE_SIGN_STYLE = Automatic;
				CURRENT_PROJECT_VERSION = 1;
				GENERATE_INFOPLIST_FILE = YES;
				MARKETING_VERSION = 1.0;
				PRODUCT_BUNDLE_IDENTIFIER = "ram.rick-and-mortyUITests";
				PRODUCT_NAME = "$(TARGET_NAME)";
				SWIFT_EMIT_LOC_STRINGS = NO;
				SWIFT_VERSION = 5.0;
				TARGETED_DEVICE_FAMILY = "1,2";
				TEST_TARGET_NAME = "rick-and-morty";
			};
			name = Release;
		};
/* End XCBuildConfiguration section */

/* Begin XCConfigurationList section */
		52C203DD2CB2C7B300B9E802 /* Build configuration list for PBXProject "rick-and-morty" */ = {
			isa = XCConfigurationList;
			buildConfigurations = (
				52C204042CB2C7B600B9E802 /* Debug */,
				52C204052CB2C7B600B9E802 /* Release */,
			);
			defaultConfigurationIsVisible = 0;
			defaultConfigurationName = Release;
		};
		52C204062CB2C7B600B9E802 /* Build configuration list for PBXNativeTarget "rick-and-morty" */ = {
			isa = XCConfigurationList;
			buildConfigurations = (
				52C204072CB2C7B600B9E802 /* Debug */,
				52C204082CB2C7B600B9E802 /* Release */,
			);
			defaultConfigurationIsVisible = 0;
			defaultConfigurationName = Release;
		};
		52C204092CB2C7B600B9E802 /* Build configuration list for PBXNativeTarget "rick-and-mortyTests" */ = {
			isa = XCConfigurationList;
			buildConfigurations = (
				52C2040A2CB2C7B600B9E802 /* Debug */,
				52C2040B2CB2C7B600B9E802 /* Release */,
			);
			defaultConfigurationIsVisible = 0;
			defaultConfigurationName = Release;
		};
		52C2040C2CB2C7B600B9E802 /* Build configuration list for PBXNativeTarget "rick-and-mortyUITests" */ = {
			isa = XCConfigurationList;
			buildConfigurations = (
				52C2040D2CB2C7B600B9E802 /* Debug */,
				52C2040E2CB2C7B600B9E802 /* Release */,
			);
			defaultConfigurationIsVisible = 0;
			defaultConfigurationName = Release;
		};
/* End XCConfigurationList section */

/* Begin XCRemoteSwiftPackageReference section */
		52F684202CBBD838006E0D48 /* XCRemoteSwiftPackageReference "ScrollViewLoader" */ = {
			isa = XCRemoteSwiftPackageReference;
			repositoryURL = "https://github.com/gh123man/ScrollViewLoader?tab=readme-ov-file";
			requirement = {
				kind = upToNextMajorVersion;
				minimumVersion = 1.1.2;
			};
		};
		52F684232CBBF6A8006E0D48 /* XCRemoteSwiftPackageReference "Refresh" */ = {
			isa = XCRemoteSwiftPackageReference;
			repositoryURL = "https://github.com/wxxsw/Refresh";
			requirement = {
				kind = upToNextMajorVersion;
				minimumVersion = 0.2.0;
			};
		};
/* End XCRemoteSwiftPackageReference section */

/* Begin XCSwiftPackageProductDependency section */
		52F684212CBBD945006E0D48 /* ScrollViewLoader */ = {
			isa = XCSwiftPackageProductDependency;
			package = 52F684202CBBD838006E0D48 /* XCRemoteSwiftPackageReference "ScrollViewLoader" */;
			productName = ScrollViewLoader;
		};
		52F684242CBBF6A8006E0D48 /* Refresh */ = {
			isa = XCSwiftPackageProductDependency;
			package = 52F684232CBBF6A8006E0D48 /* XCRemoteSwiftPackageReference "Refresh" */;
			productName = Refresh;
		};
/* End XCSwiftPackageProductDependency section */
	};
	rootObject = 52C203DA2CB2C7B300B9E802 /* Project object */;
}
