{
  "originHash" : "da2a4c9e21b6ebecec4f9b50a74d2d776d5b71590a13de7c46a64918ce811569",
  "pins" : [
    {
      "identity" : "refresh",
      "kind" : "remoteSourceControl",
      "location" : "https://github.com/wxxsw/Refresh",
      "state" : {
        "revision" : "4b507f7c6f08f80d853b7ff052f4324a1279cdfe",
        "version" : "0.2.0"
      }
    },
    {
      "identity" : "scrollviewloader?tab=readme-ov-file",
      "kind" : "remoteSourceControl",
      "location" : "https://github.com/gh123man/ScrollViewLoader?tab=readme-ov-file",
      "state" : {
        "revision" : "a8017b65df2f937a850eff79def12e23e961f115",
        "version" : "1.1.2"
      }
    },
    {
      "identity" : "swiftui-introspect",
      "kind" : "remoteSourceControl",
      "location" : "https://github.com/siteline/SwiftUI-Introspect.git",
      "state" : {
        "revision" : "807f73ce09a9b9723f12385e592b4e0aaebd3336",
        "version" : "1.3.0"
      }
    }
  ],
  "version" : 3
}
